
Microsoft Visual Studio Solution File, Format Version 12.00
# Visual Studio 15
VisualStudioVersion = 15.0.26228.9
MinimumVisualStudioVersion = 10.0.40219.1
Project("{FAE04EC0-301F-11D3-BF4B-00C04F79EFBC}") = "Neme.Mvvm", "Neme.Mvvm\Neme.Mvvm.csproj", "{2A682388-B48E-4A1D-911E-884BD5035B42}"
EndProject
Project("{FAE04EC0-301F-11D3-BF4B-00C04F79EFBC}") = "Neme.Mvvm.Tests", "Neme.Mvvm.Tests\Neme.Mvvm.Tests.csproj", "{A9A194CC-B9F5-4713-A51F-8B010A566F72}"
EndProject
Project("{FAE04EC0-301F-11D3-BF4B-00C04F79EFBC}") = "Neme.Mvvm.WinRT.Tests", "Neme.Mvvm.WinRT.Tests\Neme.Mvvm.WinRT.Tests.csproj", "{8CDF42BD-DF05-489F-8B5E-A5244260A943}"
EndProject
Project("{FAE04EC0-301F-11D3-BF4B-00C04F79EFBC}") = "Neme.Mvvm.WinRT", "Neme.Mvvm.WinRT\Neme.Mvvm.WinRT.csproj", "{7690A39A-AB8E-437D-B097-E03B4228935E}"
EndProject
Global
	GlobalSection(SolutionConfigurationPlatforms) = preSolution
		Debug|Any CPU = Debug|Any CPU
		Debug|ARM = Debug|ARM
		Debug|x64 = Debug|x64
		Debug|x86 = Debug|x86
		Release|Any CPU = Release|Any CPU
		Release|ARM = Release|ARM
		Release|x64 = Release|x64
		Release|x86 = Release|x86
	EndGlobalSection
	GlobalSection(ProjectConfigurationPlatforms) = postSolution
		{2A682388-B48E-4A1D-911E-884BD5035B42}.Debug|Any CPU.ActiveCfg = Debug|Any CPU
		{2A682388-B48E-4A1D-911E-884BD5035B42}.Debug|Any CPU.Build.0 = Debug|Any CPU
		{2A682388-B48E-4A1D-911E-884BD5035B42}.Debug|ARM.ActiveCfg = Debug|Any CPU
		{2A682388-B48E-4A1D-911E-884BD5035B42}.Debug|ARM.Build.0 = Debug|Any CPU
		{2A682388-B48E-4A1D-911E-884BD5035B42}.Debug|x64.ActiveCfg = Debug|Any CPU
		{2A682388-B48E-4A1D-911E-884BD5035B42}.Debug|x64.Build.0 = Debug|Any CPU
		{2A682388-B48E-4A1D-911E-884BD5035B42}.Debug|x86.ActiveCfg = Debug|Any CPU
		{2A682388-B48E-4A1D-911E-884BD5035B42}.Debug|x86.Build.0 = Debug|Any CPU
		{2A682388-B48E-4A1D-911E-884BD5035B42}.Release|Any CPU.ActiveCfg = Release|Any CPU
		{2A682388-B48E-4A1D-911E-884BD5035B42}.Release|Any CPU.Build.0 = Release|Any CPU
		{2A682388-B48E-4A1D-911E-884BD5035B42}.Release|ARM.ActiveCfg = Release|Any CPU
		{2A682388-B48E-4A1D-911E-884BD5035B42}.Release|ARM.Build.0 = Release|Any CPU
		{2A682388-B48E-4A1D-911E-884BD5035B42}.Release|x64.ActiveCfg = Release|Any CPU
		{2A682388-B48E-4A1D-911E-884BD5035B42}.Release|x64.Build.0 = Release|Any CPU
		{2A682388-B48E-4A1D-911E-884BD5035B42}.Release|x86.ActiveCfg = Release|Any CPU
		{2A682388-B48E-4A1D-911E-884BD5035B42}.Release|x86.Build.0 = Release|Any CPU
		{A9A194CC-B9F5-4713-A51F-8B010A566F72}.Debug|Any CPU.ActiveCfg = Debug|Any CPU
		{A9A194CC-B9F5-4713-A51F-8B010A566F72}.Debug|Any CPU.Build.0 = Debug|Any CPU
		{A9A194CC-B9F5-4713-A51F-8B010A566F72}.Debug|ARM.ActiveCfg = Debug|Any CPU
		{A9A194CC-B9F5-4713-A51F-8B010A566F72}.Debug|ARM.Build.0 = Debug|Any CPU
		{A9A194CC-B9F5-4713-A51F-8B010A566F72}.Debug|x64.ActiveCfg = Debug|Any CPU
		{A9A194CC-B9F5-4713-A51F-8B010A566F72}.Debug|x64.Build.0 = Debug|Any CPU
		{A9A194CC-B9F5-4713-A51F-8B010A566F72}.Debug|x86.ActiveCfg = Debug|Any CPU
		{A9A194CC-B9F5-4713-A51F-8B010A566F72}.Debug|x86.Build.0 = Debug|Any CPU
		{A9A194CC-B9F5-4713-A51F-8B010A566F72}.Release|Any CPU.ActiveCfg = Release|Any CPU
		{A9A194CC-B9F5-4713-A51F-8B010A566F72}.Release|Any CPU.Build.0 = Release|Any CPU
		{A9A194CC-B9F5-4713-A51F-8B010A566F72}.Release|ARM.ActiveCfg = Release|Any CPU
		{A9A194CC-B9F5-4713-A51F-8B010A566F72}.Release|ARM.Build.0 = Release|Any CPU
		{A9A194CC-B9F5-4713-A51F-8B010A566F72}.Release|x64.ActiveCfg = Release|Any CPU
		{A9A194CC-B9F5-4713-A51F-8B010A566F72}.Release|x64.Build.0 = Release|Any CPU
		{A9A194CC-B9F5-4713-A51F-8B010A566F72}.Release|x86.ActiveCfg = Release|Any CPU
		{A9A194CC-B9F5-4713-A51F-8B010A566F72}.Release|x86.Build.0 = Release|Any CPU
		{8CDF42BD-DF05-489F-8B5E-A5244260A943}.Debug|Any CPU.ActiveCfg = Debug|Any CPU
		{8CDF42BD-DF05-489F-8B5E-A5244260A943}.Debug|Any CPU.Build.0 = Debug|Any CPU
		{8CDF42BD-DF05-489F-8B5E-A5244260A943}.Debug|Any CPU.Deploy.0 = Debug|Any CPU
		{8CDF42BD-DF05-489F-8B5E-A5244260A943}.Debug|ARM.ActiveCfg = Debug|ARM
		{8CDF42BD-DF05-489F-8B5E-A5244260A943}.Debug|ARM.Build.0 = Debug|ARM
		{8CDF42BD-DF05-489F-8B5E-A5244260A943}.Debug|ARM.Deploy.0 = Debug|ARM
		{8CDF42BD-DF05-489F-8B5E-A5244260A943}.Debug|x64.ActiveCfg = Debug|x64
		{8CDF42BD-DF05-489F-8B5E-A5244260A943}.Debug|x64.Build.0 = Debug|x64
		{8CDF42BD-DF05-489F-8B5E-A5244260A943}.Debug|x64.Deploy.0 = Debug|x64
		{8CDF42BD-DF05-489F-8B5E-A5244260A943}.Debug|x86.ActiveCfg = Debug|x86
		{8CDF42BD-DF05-489F-8B5E-A5244260A943}.Debug|x86.Build.0 = Debug|x86
		{8CDF42BD-DF05-489F-8B5E-A5244260A943}.Debug|x86.Deploy.0 = Debug|x86
		{8CDF42BD-DF05-489F-8B5E-A5244260A943}.Release|Any CPU.ActiveCfg = Release|Any CPU
		{8CDF42BD-DF05-489F-8B5E-A5244260A943}.Release|Any CPU.Build.0 = Release|Any CPU
		{8CDF42BD-DF05-489F-8B5E-A5244260A943}.Release|Any CPU.Deploy.0 = Release|Any CPU
		{8CDF42BD-DF05-489F-8B5E-A5244260A943}.Release|ARM.ActiveCfg = Release|ARM
		{8CDF42BD-DF05-489F-8B5E-A5244260A943}.Release|ARM.Build.0 = Release|ARM
		{8CDF42BD-DF05-489F-8B5E-A5244260A943}.Release|ARM.Deploy.0 = Release|ARM
		{8CDF42BD-DF05-489F-8B5E-A5244260A943}.Release|x64.ActiveCfg = Release|x64
		{8CDF42BD-DF05-489F-8B5E-A5244260A943}.Release|x64.Build.0 = Release|x64
		{8CDF42BD-DF05-489F-8B5E-A5244260A943}.Release|x64.Deploy.0 = Release|x64
		{8CDF42BD-DF05-489F-8B5E-A5244260A943}.Release|x86.ActiveCfg = Release|x86
		{8CDF42BD-DF05-489F-8B5E-A5244260A943}.Release|x86.Build.0 = Release|x86
		{8CDF42BD-DF05-489F-8B5E-A5244260A943}.Release|x86.Deploy.0 = Release|x86
		{7690A39A-AB8E-437D-B097-E03B4228935E}.Debug|Any CPU.ActiveCfg = Debug|Any CPU
		{7690A39A-AB8E-437D-B097-E03B4228935E}.Debug|Any CPU.Build.0 = Debug|Any CPU
		{7690A39A-AB8E-437D-B097-E03B4228935E}.Debug|ARM.ActiveCfg = Debug|ARM
		{7690A39A-AB8E-437D-B097-E03B4228935E}.Debug|ARM.Build.0 = Debug|ARM
		{7690A39A-AB8E-437D-B097-E03B4228935E}.Debug|x64.ActiveCfg = Debug|x64
		{7690A39A-AB8E-437D-B097-E03B4228935E}.Debug|x64.Build.0 = Debug|x64
		{7690A39A-AB8E-437D-B097-E03B4228935E}.Debug|x86.ActiveCfg = Debug|x86
		{7690A39A-AB8E-437D-B097-E03B4228935E}.Debug|x86.Build.0 = Debug|x86
		{7690A39A-AB8E-437D-B097-E03B4228935E}.Release|Any CPU.ActiveCfg = Release|Any CPU
		{7690A39A-AB8E-437D-B097-E03B4228935E}.Release|Any CPU.Build.0 = Release|Any CPU
		{7690A39A-AB8E-437D-B097-E03B4228935E}.Release|ARM.ActiveCfg = Release|ARM
		{7690A39A-AB8E-437D-B097-E03B4228935E}.Release|ARM.Build.0 = Release|ARM
		{7690A39A-AB8E-437D-B097-E03B4228935E}.Release|x64.ActiveCfg = Release|x64
		{7690A39A-AB8E-437D-B097-E03B4228935E}.Release|x64.Build.0 = Release|x64
		{7690A39A-AB8E-437D-B097-E03B4228935E}.Release|x86.ActiveCfg = Release|x86
		{7690A39A-AB8E-437D-B097-E03B4228935E}.Release|x86.Build.0 = Release|x86
	EndGlobalSection
	GlobalSection(SolutionProperties) = preSolution
		HideSolutionNode = FALSE
	EndGlobalSection
EndGlobal
